{
  "name": "pi-webui-monorepo",
  "version": "0.6.2",
  "lockfileVersion": 3,
  "requires": true,
  "packages": {
    "": {
      "name": "pi-webui-monorepo",
      "version": "0.6.2",
      "workspaces": [
        "packages/*"
      ],
      "devDependencies": {
        "@biomejs/biome": "2.5.3"
      }
    },
    "node_modules/@asteasolutions/zod-to-openapi": {
      "version": "8.5.0",
      "resolved": "https://registry.npmjs.org/@asteasolutions/zod-to-openapi/-/zod-to-openapi-8.5.0.tgz",
      "integrity": "sha512-SABbKiObg5dLRiTFnqiW1WWwGcg1BJfmHtT2asIBnBHg6Smy/Ms2KHc650+JI4Hw7lSkdiNebEGXpwoxfben8Q==",
      "license": "MIT",
      "dependencies": {
        "openapi3-ts": "^4.1.2"
      },
      "peerDependencies": {
        "zod": "^4.0.0"
      }
    },
    "node_modules/@biomejs/biome": {
      "version": "2.5.3",
      "resolved": "https://registry.npmjs.org/@biomejs/biome/-/biome-2.5.3.tgz",
      "integrity": "sha512-MrJswFdei9EfDwwUy2tQrPDpK0AO+RmMFvBoaaJ6ayBc3sUbHdCE+XG5N8vp+5So41ZupZJQm0roHFFhMGVD7A==",
      "dev": true,
      "license": "MIT OR Apache-2.0",
      "bin": {
        "biome": "bin/biome"
      },
      "engines": {
        "node": ">=14.21.3"
      },
      "funding": {
        "type": "opencollective",
        "url": "https://opencollective.com/biome"
      },
      "optionalDependencies": {
        "@biomejs/cli-darwin-arm64": "2.5.3",
        "@biomejs/cli-darwin-x64": "2.5.3",
        "@biomejs/cli-linux-arm64": "2.5.3",
        "@biomejs/cli-linux-arm64-musl": "2.5.3",
        "@biomejs/cli-linux-x64": "2.5.3",
        "@biomejs/cli-linux-x64-musl": "2.5.3",
        "@biomejs/cli-win32-arm64": "2.5.3",
        "@biomejs/cli-win32-x64": "2.5.3"
      }
    },
    "node_modules/@biomejs/cli-darwin-arm64": {
      "version": "2.5.3",
      "resolved": "https://registry.npmjs.org/@biomejs/cli-darwin-arm64/-/cli-darwin-arm64-2.5.3.tgz",
      "integrity": "sha512-QhYP9muVQ0nUO5zztFuPbEwi4+94sJWVjaZds9aMi1l/KNZBiUjdiSUrGHsTaMGDXrYl+r4AS2sUKfgH3w+V3g==",
      "cpu": [
        "arm64"
      ],
      "dev": true,
      "license": "MIT OR Apache-2.0",
      "optional": true,
      "os": [
        "darwin"
      ],
      "engines": {
        "node": ">=14.21.3"
      }
    },
    "node_modules/@biomejs/cli-darwin-x64": {
      "version": "2.5.3",
      "resolved": "https://registry.npmjs.org/@biomejs/cli-darwin-x64/-/cli-darwin-x64-2.5.3.tgz",
      "integrity": "sha512-NC1Ss13UaW7QZX+y8j44bF7AP0jSJdBl6iRhe0MAkvaSqZy+mWg3GaXsrb+eSoHoGDBtaXWEbMVV0iVN2cZ7cQ==",
      "cpu": [
        "x64"
      ],
      "dev": true,
      "license": "MIT OR Apache-2.0",
      "optional": true,
      "os": [
        "darwin"
      ],
      "engines": {
        "node": ">=14.21.3"
      }
    },
    "node_modules/@biomejs/cli-linux-arm64": {
      "version": "2.5.3",
      "resolved": "https://registry.npmjs.org/@biomejs/cli-linux-arm64/-/cli-linux-arm64-2.5.3.tgz",
      "integrity": "sha512-ksx1KWeyYW18ILL04msF/J4ZBtBDN33znYK8Z/aNv/vlBVxL9/g3mGP+omgHJKy4+KWbK87vcmmpmurfNjSgiA==",
      "cpu": [
        "arm64"
      ],
      "dev": true,
      "license": "MIT OR Apache-2.0",
      "optional": true,
      "os": [
        "linux"
      ],
      "engines": {
        "node": ">=14.21.3"
      }
    },
    "node_modules/@biomejs/cli-linux-arm64-musl": {
      "version": "2.5.3",
      "resolved": "https://registry.npmjs.org/@biomejs/cli-linux-arm64-musl/-/cli-linux-arm64-musl-2.5.3.tgz",
      "integrity": "sha512-fccix0w6xp6csCXgxeC0dU/3ecgRQal0y+cv2SP9ajNlhe7Yrk2Ug7UDe2j9AT9ZDYitkXpvUKgZjjuoYeP4Vg==",
      "cpu": [
        "arm64"
      ],
      "dev": true,
      "license": "MIT OR Apache-2.0",
      "optional": true,
      "os": [
        "linux"
      ],
      "engines": {
        "node": ">=14.21.3"
      }
    },
    "node_modules/@biomejs/cli-linux-x64": {
      "version": "2.5.3",
      "resolved": "https://registry.npmjs.org/@biomejs/cli-linux-x64/-/cli-linux-x64-2.5.3.tgz",
      "integrity": "sha512-yMkJtilsgvILDcVkh187aVLTb64xYsrxYajx5kym+r1ULkO5HUOfu9AYKLGQbOVLwJtT2utNw7hhFNg+17mUYA==",
      "cpu": [
        "x64"
      ],
      "dev": true,
      "license": "MIT OR Apache-2.0",
      "optional": true,
      "os": [
        "linux"
      ],
      "engines": {
        "node": ">=14.21.3"
      }
    },
    "node_modules/@biomejs/cli-linux-x64-musl": {
      "version": "2.5.3",
      "resolved": "https://registry.npmjs.org/@biomejs/cli-linux-x64-musl/-/cli-linux-x64-musl-2.5.3.tgz",
      "integrity": "sha512-O/yU9YKRUiHhmcjF2f38PSjseVk3G4VLWYc0G2HWpzdBVREV6G8IGWIVEFf7MFPfWIzNUIvPsEjeAZQIOgnLcQ==",
      "cpu": [
        "x64"
      ],
      "dev": true,
      "license": "MIT OR Apache-2.0",
      "optional": true,
      "os": [
        "linux"
      ],
      "engines": {
        "node": ">=14.21.3"
      }
    },
    "node_modules/@biomejs/cli-win32-arm64": {
      "version": "2.5.3",
      "resolved": "https://registry.npmjs.org/@biomejs/cli-win32-arm64/-/cli-win32-arm64-2.5.3.tgz",
      "integrity": "sha512-cX5z+GYwRcqEok0AH3KSfQGgqYd0Nomfp6Fbe1uiTtELE38hdH2k842wQ9wLNaF/JJ7r4rjJQ4VR+ce+fRmQbw==",
      "cpu": [
        "arm64"
      ],
      "dev": true,
      "license": "MIT OR Apache-2.0",
      "optional": true,
      "os": [
        "win32"
      ],
      "engines": {
        "node": ">=14.21.3"
      }
    },
    "node_modules/@biomejs/cli-win32-x64": {
      "version": "2.5.3",
      "resolved": "https://registry.npmjs.org/@biomejs/cli-win32-x64/-/cli-win32-x64-2.5.3.tgz",
      "integrity": "sha512-ExSaJWi4/u6+GXCszlSKpWSjKNbDseAYqqkCznsCsZ/4uidZ/BEqsCc5/3ctlq6dfIubdIIRSVLC/PG9xPl70Q==",
      "cpu": [
        "x64"
      ],
      "dev": true,
      "license": "MIT OR Apache-2.0",
      "optional": true,
      "os": [
        "win32"
      ],
      "engines": {
        "node": ">=14.21.3"
      }
    },
    "node_modules/@hono/swagger-ui": {
      "version": "0.6.1",
      "resolved": "https://registry.npmjs.org/@hono/swagger-ui/-/swagger-ui-0.6.1.tgz",
      "integrity": "sha512-sJTvldu1GPeEPfyeLG7gRj+W4vEuD+JDi+JjJ3TJs/DvMUtBLs0KJO5yokGegWWdy5qrbdnQGekbhgNRmPmYKQ==",
      "license": "MIT",
      "peerDependencies": {
        "hono": ">=4.0.0"
      }
    },
    "node_modules/@hono/zod-openapi": {
      "version": "1.4.0",
      "resolved": "https://registry.npmjs.org/@hono/zod-openapi/-/zod-openapi-1.4.0.tgz",
      "integrity": "sha512-AFchqR1N/NxfI4hUOSGI2/g8zLROxA1OE7Oh5JJFlTaGxhrdRyH+93gd0tIBpb0z8s9r8hUoNnaOBfHbdb4NMw==",
      "license": "MIT",
      "dependencies": {
        "@asteasolutions/zod-to-openapi": "^8.5.0",
        "@hono/zod-validator": "^0.8.0",
        "openapi3-ts": "^4.5.0"
      },
      "engines": {
        "node": ">=16.0.0"
      },
      "peerDependencies": {
        "hono": ">=4.10.0",
        "zod": "^4.0.0"
      }
    },
    "node_modules/@hono/zod-validator": {
      "version": "0.8.0",
      "resolved": "https://registry.npmjs.org/@hono/zod-validator/-/zod-validator-0.8.0.tgz",
      "integrity": "sha512-5uS4S1/LKtZQYvD4BtpPUFkOv8d1wNxHHrChm26buMiEYc1FrHWvDUaKVBwkiVtvSExHSpLGDvcnpI2Copyj9w==",
      "license": "MIT",
      "peerDependencies": {
        "hono": ">=4.10.0",
        "zod": "^3.25.0 || ^4.0.0"
      }
    },
    "node_modules/@wirelessr/pi-webui-components": {
      "resolved": "packages/components",
      "link": true
    },
    "node_modules/hono": {
      "version": "4.12.29",
      "resolved": "https://registry.npmjs.org/hono/-/hono-4.12.29.tgz",
      "integrity": "sha512-1hNiRjawYrLq/4m3DQQjPGFg0VZkk4RjQJDff/excI6Dm9BiL75qxGrd7/c6YOxPdq6AscP3LiXhQ6fKFC1Waw==",
      "license": "MIT",
      "engines": {
        "node": ">=16.9.0"
      }
    },
    "node_modules/openapi3-ts": {
      "version": "4.6.0",
      "resolved": "https://registry.npmjs.org/openapi3-ts/-/openapi3-ts-4.6.0.tgz",
      "integrity": "sha512-a4sfn6L2sIShhtzJqmjGrARvxAW/3F2BJDdyRVvNF9VhAsZSh5hSyI3a9TNvmzBxXmq66nY5LNT5bQcBxYAZZg==",
      "license": "MIT",
      "dependencies": {
        "yaml": "^2.9.0"
      }
    },
    "node_modules/pi-webui-extension": {
      "resolved": "packages/extension",
      "link": true
    },
    "node_modules/pi-webui-hub": {
      "resolved": "packages/hub",
      "link": true
    },
    "node_modules/yaml": {
      "version": "2.9.0",
      "resolved": "https://registry.npmjs.org/yaml/-/yaml-2.9.0.tgz",
      "integrity": "sha512-2AvhNX3mb8zd6Zy7INTtSpl1F15HW6Wnqj0srWlkKLcpYl/gMIMJiyuGq2KeI2YFxUPjdlB+3Lc10seMLtL4cA==",
      "license": "ISC",
      "bin": {
        "yaml": "bin.mjs"
      },
      "engines": {
        "node": ">= 14.6"
      },
      "funding": {
        "url": "https://github.com/sponsors/eemeli"
      }
    },
    "node_modules/zod": {
      "version": "4.4.3",
      "resolved": "https://registry.npmjs.org/zod/-/zod-4.4.3.tgz",
      "integrity": "sha512-ytENFjIJFl2UwYglde2jchW2Hwm4GJFLDiSXWdTrJQBIN9Fcyp7n4DhxJEiWNAJMV1/BqWfW/kkg71UDcHJyTQ==",
      "license": "MIT",
      "funding": {
        "url": "https://github.com/sponsors/colinhacks"
      }
    },
    "packages/components": {
      "name": "@wirelessr/pi-webui-components",
      "version": "0.6.2"
    },
    "packages/extension": {
      "name": "pi-webui-extension",
      "version": "0.6.2",
      "dependencies": {
        "@hono/swagger-ui": "0.6.1",
        "@hono/zod-openapi": "1.4.0",
        "@wirelessr/pi-webui-components": "^0.6.2",
        "hono": "4.12.29",
        "zod": "4.4.3"
      }
    },
    "packages/hub": {
      "name": "pi-webui-hub",
      "version": "0.6.2",
      "dependencies": {
        "@wirelessr/pi-webui-components": "^0.6.2"
      }
    }
  }
}
